
Microsoft Visual Studio Solution File, Format Version 12.00
# Visual Studio Version 17
VisualStudioVersion = 17.9.34728.123
MinimumVisualStudioVersion = 10.0.40219.1
Project("{FAE04EC0-301F-11D3-BF4B-00C04F79EFBC}") = "LoginToDb", "LoginToDb.csproj", "{1EAC6F51-DAFF-4738-BAEE-B5DFD665F21E}"
EndProject
Global
	GlobalSection(SolutionConfigurationPlatforms) = preSolution
		Debug|Any CPU = Debug|Any CPU
		Release|Any CPU = Release|Any CPU
	EndGlobalSection
	GlobalSection(ProjectConfigurationPlatforms) = postSolution
		{1EAC6F51-DAFF-4738-BAEE-B5DFD665F21E}.Debug|Any CPU.ActiveCfg = Debug|Any CPU
		{1EAC6F51-DAFF-4738-BAEE-B5DFD665F21E}.Debug|Any CPU.Build.0 = Debug|Any CPU
		{1EAC6F51-DAFF-4738-BAEE-B5DFD665F21E}.Release|Any CPU.ActiveCfg = Release|Any CPU
		{1EAC6F51-DAFF-4738-BAEE-B5DFD665F21E}.Release|Any CPU.Build.0 = Release|Any CPU
	EndGlobalSection
	GlobalSection(SolutionProperties) = preSolution
		HideSolutionNode = FALSE
	EndGlobalSection
	GlobalSection(ExtensibilityGlobals) = postSolution
		SolutionGuid = {96123B90-0B96-446E-9B09-2E3FC640B266}
	EndGlobalSection
EndGlobal
